
Microsoft Visual Studio Solution File, Format Version 12.00
# Visual Studio Version 17
VisualStudioVersion = 17.7.34221.43
MinimumVisualStudioVersion = 10.0.40219.1
Project("{9A19103F-16F7-4668-BE54-9A1E7A4F7556}") = "ExchangeRateConverter", "ExchangeRateConverter\ExchangeRateConverter.csproj", "{2A9C6618-59E3-47CF-8BF9-8D4A139516E9}"
EndProject
Project("{FAE04EC0-301F-11D3-BF4B-00C04F79EFBC}") = "ExchangeRateConverterTest", "ExchangeRateConverterTest\ExchangeRateConverterTest.csproj", "{91FD6AD9-CDFB-4D28-A52F-9F9E152A436A}"
EndProject
Global
	GlobalSection(SolutionConfigurationPlatforms) = preSolution
		Debug|Any CPU = Debug|Any CPU
		Release|Any CPU = Release|Any CPU
	EndGlobalSection
	GlobalSection(ProjectConfigurationPlatforms) = postSolution
		{2A9C6618-59E3-47CF-8BF9-8D4A139516E9}.Debug|Any CPU.ActiveCfg = Debug|Any CPU
		{2A9C6618-59E3-47CF-8BF9-8D4A139516E9}.Debug|Any CPU.Build.0 = Debug|Any CPU
		{2A9C6618-59E3-47CF-8BF9-8D4A139516E9}.Release|Any CPU.ActiveCfg = Release|Any CPU
		{2A9C6618-59E3-47CF-8BF9-8D4A139516E9}.Release|Any CPU.Build.0 = Release|Any CPU
		{91FD6AD9-CDFB-4D28-A52F-9F9E152A436A}.Debug|Any CPU.ActiveCfg = Debug|Any CPU
		{91FD6AD9-CDFB-4D28-A52F-9F9E152A436A}.Debug|Any CPU.Build.0 = Debug|Any CPU
		{91FD6AD9-CDFB-4D28-A52F-9F9E152A436A}.Release|Any CPU.ActiveCfg = Release|Any CPU
		{91FD6AD9-CDFB-4D28-A52F-9F9E152A436A}.Release|Any CPU.Build.0 = Release|Any CPU
	EndGlobalSection
	GlobalSection(SolutionProperties) = preSolution
		HideSolutionNode = FALSE
	EndGlobalSection
	GlobalSection(ExtensibilityGlobals) = postSolution
		SolutionGuid = {5A3C3815-64A6-4736-BA31-7B8388EDE527}
	EndGlobalSection
EndGlobal
